
Microsoft Visual Studio Solution File, Format Version 12.00
# Visual Studio Version 17
VisualStudioVersion = 17.0.31903.59
MinimumVisualStudioVersion = 10.0.40219.1
Project("{9A19103F-16F7-4668-BE54-9A1E7A4F7556}") = "NendoroidProject.Api", "src\NendoroidProject.Api\NendoroidProject.Api.csproj", "{4B7CA9FE-CCB8-4000-9F5F-BE891A2E4C36}"
EndProject
Project("{9A19103F-16F7-4668-BE54-9A1E7A4F7556}") = "NendoroidProject.WebCrawler", "src\NendoroidProject.WebCrawler\NendoroidProject.WebCrawler.csproj", "{DD9D6F3A-06B5-40BF-88E4-F79657AFA17D}"
EndProject
Project("{9A19103F-16F7-4668-BE54-9A1E7A4F7556}") = "NendoroidProject.Domain", "src\NendoroidProject.Domain\NendoroidProject.Domain.csproj", "{7A6B7A24-BF21-4B52-8310-343D696C66B6}"
EndProject
Project("{9A19103F-16F7-4668-BE54-9A1E7A4F7556}") = "NendoroidProject.Infra", "src\NendoroidProject.Infra\NendoroidProject.Infra.csproj", "{D08A89DD-2FB1-4B5E-B5CC-570DFB90FEAE}"
EndProject
Project("{FAE04EC0-301F-11D3-BF4B-00C04F79EFBC}") = "NendoroidProject.Api.Tests", "tests\NendoroidProject.Api.Tests\NendoroidProject.Api.Tests.csproj", "{BFED57F3-7659-4C10-BA80-72957F9B0C9C}"
EndProject
Global
	GlobalSection(SolutionConfigurationPlatforms) = preSolution
		Debug|Any CPU = Debug|Any CPU
		Release|Any CPU = Release|Any CPU
	EndGlobalSection
	GlobalSection(ProjectConfigurationPlatforms) = postSolution
		{4B7CA9FE-CCB8-4000-9F5F-BE891A2E4C36}.Debug|Any CPU.ActiveCfg = Debug|Any CPU
		{4B7CA9FE-CCB8-4000-9F5F-BE891A2E4C36}.Debug|Any CPU.Build.0 = Debug|Any CPU
		{4B7CA9FE-CCB8-4000-9F5F-BE891A2E4C36}.Release|Any CPU.ActiveCfg = Release|Any CPU
		{4B7CA9FE-CCB8-4000-9F5F-BE891A2E4C36}.Release|Any CPU.Build.0 = Release|Any CPU
		{DD9D6F3A-06B5-40BF-88E4-F79657AFA17D}.Debug|Any CPU.ActiveCfg = Debug|Any CPU
		{DD9D6F3A-06B5-40BF-88E4-F79657AFA17D}.Debug|Any CPU.Build.0 = Debug|Any CPU
		{DD9D6F3A-06B5-40BF-88E4-F79657AFA17D}.Release|Any CPU.ActiveCfg = Release|Any CPU
		{DD9D6F3A-06B5-40BF-88E4-F79657AFA17D}.Release|Any CPU.Build.0 = Release|Any CPU
		{7A6B7A24-BF21-4B52-8310-343D696C66B6}.Debug|Any CPU.ActiveCfg = Debug|Any CPU
		{7A6B7A24-BF21-4B52-8310-343D696C66B6}.Debug|Any CPU.Build.0 = Debug|Any CPU
		{7A6B7A24-BF21-4B52-8310-343D696C66B6}.Release|Any CPU.ActiveCfg = Release|Any CPU
		{7A6B7A24-BF21-4B52-8310-343D696C66B6}.Release|Any CPU.Build.0 = Release|Any CPU
		{D08A89DD-2FB1-4B5E-B5CC-570DFB90FEAE}.Debug|Any CPU.ActiveCfg = Debug|Any CPU
		{D08A89DD-2FB1-4B5E-B5CC-570DFB90FEAE}.Debug|Any CPU.Build.0 = Debug|Any CPU
		{D08A89DD-2FB1-4B5E-B5CC-570DFB90FEAE}.Release|Any CPU.ActiveCfg = Release|Any CPU
		{D08A89DD-2FB1-4B5E-B5CC-570DFB90FEAE}.Release|Any CPU.Build.0 = Release|Any CPU
		{BFED57F3-7659-4C10-BA80-72957F9B0C9C}.Debug|Any CPU.ActiveCfg = Debug|Any CPU
		{BFED57F3-7659-4C10-BA80-72957F9B0C9C}.Debug|Any CPU.Build.0 = Debug|Any CPU
		{BFED57F3-7659-4C10-BA80-72957F9B0C9C}.Release|Any CPU.ActiveCfg = Release|Any CPU
		{BFED57F3-7659-4C10-BA80-72957F9B0C9C}.Release|Any CPU.Build.0 = Release|Any CPU
	EndGlobalSection
	GlobalSection(SolutionProperties) = preSolution
		HideSolutionNode = FALSE
	EndGlobalSection
EndGlobal
